// !$*UTF8*$!
{
	archiveVersion = 1;
	classes = {
	};
	objectVersion = 56;
	objects = {

/* Begin PBXBuildFile section */
		2B0D62CD2B33129F0056C42D /* AppDelegate.swift in Sources */ = {isa = PBXBuildFile; fileRef = 2B0D62CC2B33129F0056C42D /* AppDelegate.swift */; };
		2B0D62CF2B33129F0056C42D /* SceneDelegate.swift in Sources */ = {isa = PBXBuildFile; fileRef = 2B0D62CE2B33129F0056C42D /* SceneDelegate.swift */; };
		2B0D62D12B33129F0056C42D /* ViewController.swift in Sources */ = {isa = PBXBuildFile; fileRef = 2B0D62D02B33129F0056C42D /* ViewController.swift */; };
		2B0D62D42B33129F0056C42D /* Main.storyboard in Resources */ = {isa = PBXBuildFile; fileRef = 2B0D62D22B33129F0056C42D /* Main.storyboard */; };
		2B0D62D62B3312A00056C42D /* Assets.xcassets in Resources */ = {isa = PBXBuildFile; fileRef = 2B0D62D52B3312A00056C42D /* Assets.xcassets */; };
		2B0D62D92B3312A00056C42D /* LaunchScreen.storyboard in Resources */ = {isa = PBXBuildFile; fileRef = 2B0D62D72B3312A00056C42D /* LaunchScreen.storyboard */; };
		2B0D62E22B3313540056C42D /* TodoTableViewCell.swift in Sources */ = {isa = PBXBuildFile; fileRef = 2B0D62E02B3313540056C42D /* TodoTableViewCell.swift */; };
		2B10E58C2B35471C000408FF /* 2024.png in Resources */ = {isa = PBXBuildFile; fileRef = 2B10E58B2B35471C000408FF /* 2024.png */; };
		2B10E58E2B35550C000408FF /* ny2024.png in Resources */ = {isa = PBXBuildFile; fileRef = 2B10E58D2B35550C000408FF /* ny2024.png */; };
		2B10E5942B355946000408FF /* dia.png in Resources */ = {isa = PBXBuildFile; fileRef = 2B10E5932B355946000408FF /* dia.png */; };
		2B10E5962B355D81000408FF /* pretty.png in Resources */ = {isa = PBXBuildFile; fileRef = 2B10E5952B355D81000408FF /* pretty.png */; };
		2B10E5982B356418000408FF /* applause.mp3 in Resources */ = {isa = PBXBuildFile; fileRef = 2B10E5972B356418000408FF /* applause.mp3 */; };
		2B10E59F2B359C7A000408FF /* Lottie in Frameworks */ = {isa = PBXBuildFile; productRef = 2B10E59E2B359C7A000408FF /* Lottie */; settings = {ATTRIBUTES = (Required, ); }; };
		2B10E5A12B359D3C000408FF /* santa.json in Resources */ = {isa = PBXBuildFile; fileRef = 2B10E5A02B359D3C000408FF /* santa.json */; };
		2BEEEEA62B3419470016EF69 /* Todo.swift in Sources */ = {isa = PBXBuildFile; fileRef = 2BEEEEA52B3419470016EF69 /* Todo.swift */; };
/* End PBXBuildFile section */

/* Begin PBXFileReference section */
		2B0D62C92B33129F0056C42D /* Practice 12.app */ = {isa = PBXFileReference; explicitFileType = wrapper.application; includeInIndex = 0; path = "Practice 12.app"; sourceTree = BUILT_PRODUCTS_DIR; };
		2B0D62CC2B33129F0056C42D /* AppDelegate.swift */ = {isa = PBXFileReference; lastKnownFileType = sourcecode.swift; path = AppDelegate.swift; sourceTree = "<group>"; };
		2B0D62CE2B33129F0056C42D /* SceneDelegate.swift */ = {isa = PBXFileReference; lastKnownFileType = sourcecode.swift; path = SceneDelegate.swift; sourceTree = "<group>"; };
		2B0D62D02B33129F0056C42D /* ViewController.swift */ = {isa = PBXFileReference; lastKnownFileType = sourcecode.swift; path = ViewController.swift; sourceTree = "<group>"; };
		2B0D62D32B33129F0056C42D /* Base */ = {isa = PBXFileReference; lastKnownFileType = file.storyboard; name = Base; path = Base.lproj/Main.storyboard; sourceTree = "<group>"; };
		2B0D62D52B3312A00056C42D /* Assets.xcassets */ = {isa = PBXFileReference; lastKnownFileType = folder.assetcatalog; path = Assets.xcassets; sourceTree = "<group>"; };
		2B0D62D82B3312A00056C42D /* Base */ = {isa = PBXFileReference; lastKnownFileType = file.storyboard; name = Base; path = Base.lproj/LaunchScreen.storyboard; sourceTree = "<group>"; };
		2B0D62DA2B3312A00056C42D /* Info.plist */ = {isa = PBXFileReference; lastKnownFileType = text.plist.xml; path = Info.plist; sourceTree = "<group>"; };
		2B0D62E02B3313540056C42D /* TodoTableViewCell.swift */ = {isa = PBXFileReference; lastKnownFileType = sourcecode.swift; path = TodoTableViewCell.swift; sourceTree = "<group>"; };
		2B10E58B2B35471C000408FF /* 2024.png */ = {isa = PBXFileReference; lastKnownFileType = image.png; path = 2024.png; sourceTree = "<group>"; };
		2B10E58D2B35550C000408FF /* ny2024.png */ = {isa = PBXFileReference; lastKnownFileType = image.png; path = ny2024.png; sourceTree = "<group>"; };
		2B10E5932B355946000408FF /* dia.png */ = {isa = PBXFileReference; lastKnownFileType = image.png; path = dia.png; sourceTree = "<group>"; };
		2B10E5952B355D81000408FF /* pretty.png */ = {isa = PBXFileReference; lastKnownFileType = image.png; path = pretty.png; sourceTree = "<group>"; };
		2B10E5972B356418000408FF /* applause.mp3 */ = {isa = PBXFileReference; lastKnownFileType = audio.mp3; path = applause.mp3; sourceTree = "<group>"; };
		2B10E5A02B359D3C000408FF /* santa.json */ = {isa = PBXFileReference; fileEncoding = 4; lastKnownFileType = text.json; path = santa.json; sourceTree = "<group>"; };
		2BEEEEA52B3419470016EF69 /* Todo.swift */ = {isa = PBXFileReference; lastKnownFileType = sourcecode.swift; path = Todo.swift; sourceTree = "<group>"; };
/* End PBXFileReference section */

/* Begin PBXFrameworksBuildPhase section */
		2B0D62C62B33129F0056C42D /* Frameworks */ = {
			isa = PBXFrameworksBuildPhase;
			buildActionMask = 2147483647;
			files = (
				2B10E59F2B359C7A000408FF /* Lottie in Frameworks */,
			);
			runOnlyForDeploymentPostprocessing = 0;
		};
/* End PBXFrameworksBuildPhase section */

/* Begin PBXGroup section */
		2B0D62C02B33129F0056C42D = {
			isa = PBXGroup;
			children = (
				2B0D62CB2B33129F0056C42D /* Practice 12 */,
				2B0D62CA2B33129F0056C42D /* Products */,
				2B10E5A82B35C0AE000408FF /* Frameworks */,
			);
			sourceTree = "<group>";
		};
		2B0D62CA2B33129F0056C42D /* Products */ = {
			isa = PBXGroup;
			children = (
				2B0D62C92B33129F0056C42D /* Practice 12.app */,
			);
			name = Products;
			sourceTree = "<group>";
		};
		2B0D62CB2B33129F0056C42D /* Practice 12 */ = {
			isa = PBXGroup;
			children = (
				2B10E5882B354582000408FF /* Assets */,
				2B10E5892B3545D8000408FF /* Supporting Files */,
				2B10E58A2B35460C000408FF /* Modules */,
			);
			path = "Practice 12";
			sourceTree = "<group>";
		};
		2B10E5882B354582000408FF /* Assets */ = {
			isa = PBXGroup;
			children = (
				2B0D62D52B3312A00056C42D /* Assets.xcassets */,
				2B10E58B2B35471C000408FF /* 2024.png */,
				2B10E58D2B35550C000408FF /* ny2024.png */,
				2B10E5932B355946000408FF /* dia.png */,
				2B10E5952B355D81000408FF /* pretty.png */,
				2B10E5972B356418000408FF /* applause.mp3 */,
				2B10E5A02B359D3C000408FF /* santa.json */,
			);
			name = Assets;
			sourceTree = "<group>";
		};
		2B10E5892B3545D8000408FF /* Supporting Files */ = {
			isa = PBXGroup;
			children = (
				2B0D62CC2B33129F0056C42D /* AppDelegate.swift */,
				2B0D62CE2B33129F0056C42D /* SceneDelegate.swift */,
				2B0D62D72B3312A00056C42D /* LaunchScreen.storyboard */,
			);
			path = "Supporting Files";
			sourceTree = "<group>";
		};
		2B10E58A2B35460C000408FF /* Modules */ = {
			isa = PBXGroup;
			children = (
				2BEEEEA52B3419470016EF69 /* Todo.swift */,
				2B0D62D02B33129F0056C42D /* ViewController.swift */,
				2B0D62E02B3313540056C42D /* TodoTableViewCell.swift */,
				2B0D62D22B33129F0056C42D /* Main.storyboard */,
				2B0D62DA2B3312A00056C42D /* Info.plist */,
			);
			name = Modules;
			sourceTree = "<group>";
		};
		2B10E5A82B35C0AE000408FF /* Frameworks */ = {
			isa = PBXGroup;
			children = (
			);
			name = Frameworks;
			sourceTree = "<group>";
		};
/* End PBXGroup section */

/* Begin PBXNativeTarget section */
		2B0D62C82B33129F0056C42D /* Practice 12 */ = {
			isa = PBXNativeTarget;
			buildConfigurationList = 2B0D62DD2B3312A00056C42D /* Build configuration list for PBXNativeTarget "Practice 12" */;
			buildPhases = (
				2B0D62C52B33129F0056C42D /* Sources */,
				2B0D62C62B33129F0056C42D /* Frameworks */,
				2B0D62C72B33129F0056C42D /* Resources */,
			);
			buildRules = (
			);
			dependencies = (
			);
			name = "Practice 12";
			packageProductDependencies = (
				2B10E59E2B359C7A000408FF /* Lottie */,
			);
			productName = "Practice 12";
			productReference = 2B0D62C92B33129F0056C42D /* Practice 12.app */;
			productType = "com.apple.product-type.application";
		};
/* End PBXNativeTarget section */

/* Begin PBXProject section */
		2B0D62C12B33129F0056C42D /* Project object */ = {
			isa = PBXProject;
			attributes = {
				BuildIndependentTargetsInParallel = 1;
				LastSwiftUpdateCheck = 1500;
				LastUpgradeCheck = 1500;
				TargetAttributes = {
					2B0D62C82B33129F0056C42D = {
						CreatedOnToolsVersion = 15.0.1;
					};
				};
			};
			buildConfigurationList = 2B0D62C42B33129F0056C42D /* Build configuration list for PBXProject "Practice 12" */;
			compatibilityVersion = "Xcode 14.0";
			developmentRegion = en;
			hasScannedForEncodings = 0;
			knownRegions = (
				en,
				Base,
			);
			mainGroup = 2B0D62C02B33129F0056C42D;
			packageReferences = (
				2B10E59D2B359C7A000408FF /* XCRemoteSwiftPackageReference "lottie-ios" */,
			);
			productRefGroup = 2B0D62CA2B33129F0056C42D /* Products */;
			projectDirPath = "";
			projectRoot = "";
			targets = (
				2B0D62C82B33129F0056C42D /* Practice 12 */,
			);
		};
/* End PBXProject section */

/* Begin PBXResourcesBuildPhase section */
		2B0D62C72B33129F0056C42D /* Resources */ = {
			isa = PBXResourcesBuildPhase;
			buildActionMask = 2147483647;
			files = (
				2B10E5942B355946000408FF /* dia.png in Resources */,
				2B10E5A12B359D3C000408FF /* santa.json in Resources */,
				2B0D62D92B3312A00056C42D /* LaunchScreen.storyboard in Resources */,
				2B10E5962B355D81000408FF /* pretty.png in Resources */,
				2B0D62D62B3312A00056C42D /* Assets.xcassets in Resources */,
				2B10E58E2B35550C000408FF /* ny2024.png in Resources */,
				2B10E5982B356418000408FF /* applause.mp3 in Resources */,
				2B0D62D42B33129F0056C42D /* Main.storyboard in Resources */,
				2B10E58C2B35471C000408FF /* 2024.png in Resources */,
			);
			runOnlyForDeploymentPostprocessing = 0;
		};
/* End PBXResourcesBuildPhase section */

/* Begin PBXSourcesBuildPhase section */
		2B0D62C52B33129F0056C42D /* Sources */ = {
			isa = PBXSourcesBuildPhase;
			buildActionMask = 2147483647;
			files = (
				2BEEEEA62B3419470016EF69 /* Todo.swift in Sources */,
				2B0D62D12B33129F0056C42D /* ViewController.swift in Sources */,
				2B0D62CD2B33129F0056C42D /* AppDelegate.swift in Sources */,
				2B0D62CF2B33129F0056C42D /* SceneDelegate.swift in Sources */,
				2B0D62E22B3313540056C42D /* TodoTableViewCell.swift in Sources */,
			);
			runOnlyForDeploymentPostprocessing = 0;
		};
/* End PBXSourcesBuildPhase section */

/* Begin PBXVariantGroup section */
		2B0D62D22B33129F0056C42D /* Main.storyboard */ = {
			isa = PBXVariantGroup;
			children = (
				2B0D62D32B33129F0056C42D /* Base */,
			);
			name = Main.storyboard;
			sourceTree = "<group>";
		};
		2B0D62D72B3312A00056C42D /* LaunchScreen.storyboard */ = {
			isa = PBXVariantGroup;
			children = (
				2B0D62D82B3312A00056C42D /* Base */,
			);
			name = LaunchScreen.storyboard;
			sourceTree = "<group>";
		};
/* End PBXVariantGroup section */

/* Begin XCBuildConfiguration section */
		2B0D62DB2B3312A00056C42D /* Debug */ = {
			isa = XCBuildConfiguration;
			buildSettings = {
				ALWAYS_SEARCH_USER_PATHS = NO;
				ASSETCATALOG_COMPILER_GENERATE_SWIFT_ASSET_SYMBOL_EXTENSIONS = YES;
				CLANG_ANALYZER_NONNULL = YES;
				CLANG_ANALYZER_NUMBER_OBJECT_CONVERSION = YES_AGGRESSIVE;
				CLANG_CXX_LANGUAGE_STANDARD = "gnu++20";
				CLANG_ENABLE_MODULES = YES;
				CLANG_ENABLE_OBJC_ARC = YES;
				CLANG_ENABLE_OBJC_WEAK = YES;
				CLANG_WARN_BLOCK_CAPTURE_AUTORELEASING = YES;
				CLANG_WARN_BOOL_CONVERSION = YES;
				CLANG_WARN_COMMA = YES;
				CLANG_WARN_CONSTANT_CONVERSION = YES;
				CLANG_WARN_DEPRECATED_OBJC_IMPLEMENTATIONS = YES;
				CLANG_WARN_DIRECT_OBJC_ISA_USAGE = YES_ERROR;
				CLANG_WARN_DOCUMENTATION_COMMENTS = YES;
				CLANG_WARN_EMPTY_BODY = YES;
				CLANG_WARN_ENUM_CONVERSION = YES;
				CLANG_WARN_INFINITE_RECURSION = YES;
				CLANG_WARN_INT_CONVERSION = YES;
				CLANG_WARN_NON_LITERAL_NULL_CONVERSION = YES;
				CLANG_WARN_OBJC_IMPLICIT_RETAIN_SELF = YES;
				CLANG_WARN_OBJC_LITERAL_CONVERSION = YES;
				CLANG_WARN_OBJC_ROOT_CLASS = YES_ERROR;
				CLANG_WARN_QUOTED_INCLUDE_IN_FRAMEWORK_HEADER = YES;
				CLANG_WARN_RANGE_LOOP_ANALYSIS = YES;
				CLANG_WARN_STRICT_PROTOTYPES = YES;
				CLANG_WARN_SUSPICIOUS_MOVE = YES;
				CLANG_WARN_UNGUARDED_AVAILABILITY = YES_AGGRESSIVE;
				CLANG_WARN_UNREACHABLE_CODE = YES;
				CLANG_WARN__DUPLICATE_METHOD_MATCH = YES;
				COPY_PHASE_STRIP = NO;
				DEBUG_INFORMATION_FORMAT = dwarf;
				ENABLE_STRICT_OBJC_MSGSEND = YES;
				ENABLE_TESTABILITY = YES;
				ENABLE_USER_SCRIPT_SANDBOXING = YES;
				GCC_C_LANGUAGE_STANDARD = gnu17;
				GCC_DYNAMIC_NO_PIC = NO;
				GCC_NO_COMMON_BLOCKS = YES;
				GCC_OPTIMIZATION_LEVEL = 0;
				GCC_PREPROCESSOR_DEFINITIONS = (
					"DEBUG=1",
					"$(inherited)",
				);
				GCC_WARN_64_TO_32_BIT_CONVERSION = YES;
				GCC_WARN_ABOUT_RETURN_TYPE = YES_ERROR;
				GCC_WARN_UNDECLARED_SELECTOR = YES;
				GCC_WARN_UNINITIALIZED_AUTOS = YES_AGGRESSIVE;
				GCC_WARN_UNUSED_FUNCTION = YES;
				GCC_WARN_UNUSED_VARIABLE = YES;
				IPHONEOS_DEPLOYMENT_TARGET = 17.0;
				LOCALIZATION_PREFERS_STRING_CATALOGS = YES;
				MTL_ENABLE_DEBUG_INFO = INCLUDE_SOURCE;
				MTL_FAST_MATH = YES;
				ONLY_ACTIVE_ARCH = YES;
				SDKROOT = iphoneos;
				SWIFT_ACTIVE_COMPILATION_CONDITIONS = "DEBUG $(inherited)";
				SWIFT_OPTIMIZATION_LEVEL = "-Onone";
			};
			name = Debug;
		};
		2B0D62DC2B3312A00056C42D /* Release */ = {
			isa = XCBuildConfiguration;
			buildSettings = {
				ALWAYS_SEARCH_USER_PATHS = NO;
				ASSETCATALOG_COMPILER_GENERATE_SWIFT_ASSET_SYMBOL_EXTENSIONS = YES;
				CLANG_ANALYZER_NONNULL = YES;
				CLANG_ANALYZER_NUMBER_OBJECT_CONVERSION = YES_AGGRESSIVE;
				CLANG_CXX_LANGUAGE_STANDARD = "gnu++20";
				CLANG_ENABLE_MODULES = YES;
				CLANG_ENABLE_OBJC_ARC = YES;
				CLANG_ENABLE_OBJC_WEAK = YES;
				CLANG_WARN_BLOCK_CAPTURE_AUTORELEASING = YES;
				CLANG_WARN_BOOL_CONVERSION = YES;
				CLANG_WARN_COMMA = YES;
				CLANG_WARN_CONSTANT_CONVERSION = YES;
				CLANG_WARN_DEPRECATED_OBJC_IMPLEMENTATIONS = YES;
				CLANG_WARN_DIRECT_OBJC_ISA_USAGE = YES_ERROR;
				CLANG_WARN_DOCUMENTATION_COMMENTS = YES;
				CLANG_WARN_EMPTY_BODY = YES;
				CLANG_WARN_ENUM_CONVERSION = YES;
				CLANG_WARN_INFINITE_RECURSION = YES;
				CLANG_WARN_INT_CONVERSION = YES;
				CLANG_WARN_NON_LITERAL_NULL_CONVERSION = YES;
				CLANG_WARN_OBJC_IMPLICIT_RETAIN_SELF = YES;
				CLANG_WARN_OBJC_LITERAL_CONVERSION = YES;
				CLANG_WARN_OBJC_ROOT_CLASS = YES_ERROR;
				CLANG_WARN_QUOTED_INCLUDE_IN_FRAMEWORK_HEADER = YES;
				CLANG_WARN_RANGE_LOOP_ANALYSIS = YES;
				CLANG_WARN_STRICT_PROTOTYPES = YES;
				CLANG_WARN_SUSPICIOUS_MOVE = YES;
				CLANG_WARN_UNGUARDED_AVAILABILITY = YES_AGGRESSIVE;
				CLANG_WARN_UNREACHABLE_CODE = YES;
				CLANG_WARN__DUPLICATE_METHOD_MATCH = YES;
				COPY_PHASE_STRIP = NO;
				DEBUG_INFORMATION_FORMAT = "dwarf-with-dsym";
				ENABLE_NS_ASSERTIONS = NO;
				ENABLE_STRICT_OBJC_MSGSEND = YES;
				ENABLE_USER_SCRIPT_SANDBOXING = YES;
				GCC_C_LANGUAGE_STANDARD = gnu17;
				GCC_NO_COMMON_BLOCKS = YES;
				GCC_WARN_64_TO_32_BIT_CONVERSION = YES;
				GCC_WARN_ABOUT_RETURN_TYPE = YES_ERROR;
				GCC_WARN_UNDECLARED_SELECTOR = YES;
				GCC_WARN_UNINITIALIZED_AUTOS = YES_AGGRESSIVE;
				GCC_WARN_UNUSED_FUNCTION = YES;
				GCC_WARN_UNUSED_VARIABLE = YES;
				IPHONEOS_DEPLOYMENT_TARGET = 17.0;
				LOCALIZATION_PREFERS_STRING_CATALOGS = YES;
				MTL_ENABLE_DEBUG_INFO = NO;
				MTL_FAST_MATH = YES;
				SDKROOT = iphoneos;
				SWIFT_COMPILATION_MODE = wholemodule;
				VALIDATE_PRODUCT = YES;
			};
			name = Release;
		};
		2B0D62DE2B3312A00056C42D /* Debug */ = {
			isa = XCBuildConfiguration;
			buildSettings = {
				ASSETCATALOG_COMPILER_APPICON_NAME = AppIcon;
				ASSETCATALOG_COMPILER_GLOBAL_ACCENT_COLOR_NAME = AccentColor;
				CODE_SIGN_STYLE = Automatic;
				CURRENT_PROJECT_VERSION = 1;
				GENERATE_INFOPLIST_FILE = YES;
				INFOPLIST_FILE = "Practice 12/Info.plist";
				INFOPLIST_KEY_UIApplicationSupportsIndirectInputEvents = YES;
				INFOPLIST_KEY_UILaunchStoryboardName = LaunchScreen;
				INFOPLIST_KEY_UIMainStoryboardFile = Main;
				INFOPLIST_KEY_UISupportedInterfaceOrientations_iPad = "UIInterfaceOrientationPortrait UIInterfaceOrientationPortraitUpsideDown UIInterfaceOrientationLandscapeLeft UIInterfaceOrientationLandscapeRight";
				INFOPLIST_KEY_UISupportedInterfaceOrientations_iPhone = "UIInterfaceOrientationPortrait UIInterfaceOrientationLandscapeLeft UIInterfaceOrientationLandscapeRight";
				LD_RUNPATH_SEARCH_PATHS = (
					"$(inherited)",
					"@executable_path/Frameworks",
				);
				MARKETING_VERSION = 1.0;
				PRODUCT_BUNDLE_IDENTIFIER = "com.sy.Practice-12";
				PRODUCT_NAME = "$(TARGET_NAME)";
				SWIFT_EMIT_LOC_STRINGS = YES;
				SWIFT_VERSION = 5.0;
				TARGETED_DEVICE_FAMILY = "1,2";
			};
			name = Debug;
		};
		2B0D62DF2B3312A00056C42D /* Release */ = {
			isa = XCBuildConfiguration;
			buildSettings = {
				ASSETCATALOG_COMPILER_APPICON_NAME = AppIcon;
				ASSETCATALOG_COMPILER_GLOBAL_ACCENT_COLOR_NAME = AccentColor;
				CODE_SIGN_STYLE = Automatic;
				CURRENT_PROJECT_VERSION = 1;
				GENERATE_INFOPLIST_FILE = YES;
				INFOPLIST_FILE = "Practice 12/Info.plist";
				INFOPLIST_KEY_UIApplicationSupportsIndirectInputEvents = YES;
				INFOPLIST_KEY_UILaunchStoryboardName = LaunchScreen;
				INFOPLIST_KEY_UIMainStoryboardFile = Main;
				INFOPLIST_KEY_UISupportedInterfaceOrientations_iPad = "UIInterfaceOrientationPortrait UIInterfaceOrientationPortraitUpsideDown UIInterfaceOrientationLandscapeLeft UIInterfaceOrientationLandscapeRight";
				INFOPLIST_KEY_UISupportedInterfaceOrientations_iPhone = "UIInterfaceOrientationPortrait UIInterfaceOrientationLandscapeLeft UIInterfaceOrientationLandscapeRight";
				LD_RUNPATH_SEARCH_PATHS = (
					"$(inherited)",
					"@executable_path/Frameworks",
				);
				MARKETING_VERSION = 1.0;
				PRODUCT_BUNDLE_IDENTIFIER = "com.sy.Practice-12";
				PRODUCT_NAME = "$(TARGET_NAME)";
				SWIFT_EMIT_LOC_STRINGS = YES;
				SWIFT_VERSION = 5.0;
				TARGETED_DEVICE_FAMILY = "1,2";
			};
			name = Release;
		};
/* End XCBuildConfiguration section */

/* Begin XCConfigurationList section */
		2B0D62C42B33129F0056C42D /* Build configuration list for PBXProject "Practice 12" */ = {
			isa = XCConfigurationList;
			buildConfigurations = (
				2B0D62DB2B3312A00056C42D /* Debug */,
				2B0D62DC2B3312A00056C42D /* Release */,
			);
			defaultConfigurationIsVisible = 0;
			defaultConfigurationName = Release;
		};
		2B0D62DD2B3312A00056C42D /* Build configuration list for PBXNativeTarget "Practice 12" */ = {
			isa = XCConfigurationList;
			buildConfigurations = (
				2B0D62DE2B3312A00056C42D /* Debug */,
				2B0D62DF2B3312A00056C42D /* Release */,
			);
			defaultConfigurationIsVisible = 0;
			defaultConfigurationName = Release;
		};
/* End XCConfigurationList section */

/* Begin XCRemoteSwiftPackageReference section */
		2B10E59D2B359C7A000408FF /* XCRemoteSwiftPackageReference "lottie-ios" */ = {
			isa = XCRemoteSwiftPackageReference;
			repositoryURL = "https://github.com/airbnb/lottie-ios";
			requirement = {
				kind = upToNextMajorVersion;
				minimumVersion = 4.3.4;
			};
		};
/* End XCRemoteSwiftPackageReference section */

/* Begin XCSwiftPackageProductDependency section */
		2B10E59E2B359C7A000408FF /* Lottie */ = {
			isa = XCSwiftPackageProductDependency;
			package = 2B10E59D2B359C7A000408FF /* XCRemoteSwiftPackageReference "lottie-ios" */;
			productName = Lottie;
		};
/* End XCSwiftPackageProductDependency section */
	};
	rootObject = 2B0D62C12B33129F0056C42D /* Project object */;
}
